
Microsoft Visual Studio Solution File, Format Version 12.00
# Visual Studio Version 17
VisualStudioVersion = 17.12.35527.113 d17.12
MinimumVisualStudioVersion = 10.0.40219.1
Project("{FAE04EC0-301F-11D3-BF4B-00C04F79EFBC}") = "ChatApp.Server", "ChatApp.Server\ChatApp.Server.csproj", "{D9922987-069B-4C15-BE17-8E1965B91FA3}"
EndProject
Project("{FAE04EC0-301F-11D3-BF4B-00C04F79EFBC}") = "ChatApp.Server.Domain", "ChatApp.Server.Domain\ChatApp.Server.Domain.csproj", "{15F97435-B3EA-4A2E-A4F3-002770C19028}"
EndProject
Project("{FAE04EC0-301F-11D3-BF4B-00C04F79EFBC}") = "ChatApp.Server.Application", "ChatApp.Server.Application\ChatApp.Server.Application.csproj", "{ABD7B484-F233-4429-AA0A-E8DCDAD99C14}"
EndProject
Project("{FAE04EC0-301F-11D3-BF4B-00C04F79EFBC}") = "ChatApp.Server.Domain.Tests", "ChatApp.Server.Domain.Tests\ChatApp.Server.Domain.Tests.csproj", "{7A07B564-ADB0-452D-85EC-F2631A6D4E56}"
EndProject
Global
	GlobalSection(SolutionConfigurationPlatforms) = preSolution
		Debug|Any CPU = Debug|Any CPU
		Release|Any CPU = Release|Any CPU
	EndGlobalSection
	GlobalSection(ProjectConfigurationPlatforms) = postSolution
		{D9922987-069B-4C15-BE17-8E1965B91FA3}.Debug|Any CPU.ActiveCfg = Debug|Any CPU
		{D9922987-069B-4C15-BE17-8E1965B91FA3}.Debug|Any CPU.Build.0 = Debug|Any CPU
		{D9922987-069B-4C15-BE17-8E1965B91FA3}.Release|Any CPU.ActiveCfg = Release|Any CPU
		{D9922987-069B-4C15-BE17-8E1965B91FA3}.Release|Any CPU.Build.0 = Release|Any CPU
		{5B1E26FC-04F1-4C45-82B6-65B86998E655}.Debug|Any CPU.ActiveCfg = Debug|Any CPU
		{5B1E26FC-04F1-4C45-82B6-65B86998E655}.Debug|Any CPU.Build.0 = Debug|Any CPU
		{5B1E26FC-04F1-4C45-82B6-65B86998E655}.Debug|Any CPU.Deploy.0 = Debug|Any CPU
		{5B1E26FC-04F1-4C45-82B6-65B86998E655}.Release|Any CPU.ActiveCfg = Release|Any CPU
		{5B1E26FC-04F1-4C45-82B6-65B86998E655}.Release|Any CPU.Build.0 = Release|Any CPU
		{5B1E26FC-04F1-4C45-82B6-65B86998E655}.Release|Any CPU.Deploy.0 = Release|Any CPU
		{15F97435-B3EA-4A2E-A4F3-002770C19028}.Debug|Any CPU.ActiveCfg = Debug|Any CPU
		{15F97435-B3EA-4A2E-A4F3-002770C19028}.Debug|Any CPU.Build.0 = Debug|Any CPU
		{15F97435-B3EA-4A2E-A4F3-002770C19028}.Release|Any CPU.ActiveCfg = Release|Any CPU
		{15F97435-B3EA-4A2E-A4F3-002770C19028}.Release|Any CPU.Build.0 = Release|Any CPU
		{ABD7B484-F233-4429-AA0A-E8DCDAD99C14}.Debug|Any CPU.ActiveCfg = Debug|Any CPU
		{ABD7B484-F233-4429-AA0A-E8DCDAD99C14}.Debug|Any CPU.Build.0 = Debug|Any CPU
		{ABD7B484-F233-4429-AA0A-E8DCDAD99C14}.Release|Any CPU.ActiveCfg = Release|Any CPU
		{ABD7B484-F233-4429-AA0A-E8DCDAD99C14}.Release|Any CPU.Build.0 = Release|Any CPU
		{617F28A6-EC63-436E-B932-11FB190F3CC9}.Debug|Any CPU.ActiveCfg = Debug|Any CPU
		{617F28A6-EC63-436E-B932-11FB190F3CC9}.Debug|Any CPU.Build.0 = Debug|Any CPU
		{617F28A6-EC63-436E-B932-11FB190F3CC9}.Release|Any CPU.ActiveCfg = Release|Any CPU
		{617F28A6-EC63-436E-B932-11FB190F3CC9}.Release|Any CPU.Build.0 = Release|Any CPU
		{7A07B564-ADB0-452D-85EC-F2631A6D4E56}.Debug|Any CPU.ActiveCfg = Debug|Any CPU
		{7A07B564-ADB0-452D-85EC-F2631A6D4E56}.Debug|Any CPU.Build.0 = Debug|Any CPU
		{7A07B564-ADB0-452D-85EC-F2631A6D4E56}.Release|Any CPU.ActiveCfg = Release|Any CPU
		{7A07B564-ADB0-452D-85EC-F2631A6D4E56}.Release|Any CPU.Build.0 = Release|Any CPU
	EndGlobalSection
	GlobalSection(SolutionProperties) = preSolution
		HideSolutionNode = FALSE
	EndGlobalSection
EndGlobal
