
Microsoft Visual Studio Solution File, Format Version 12.00
# Visual Studio Version 17
VisualStudioVersion = 17.12.35527.113
MinimumVisualStudioVersion = 10.0.40219.1
Project("{FAE04EC0-301F-11D3-BF4B-00C04F79EFBC}") = "ChatApp.Server", "ChatApp.Server\ChatApp.Server.csproj", "{D9922987-069B-4C15-BE17-8E1965B91FA3}"
EndProject
Project("{FAE04EC0-301F-11D3-BF4B-00C04F79EFBC}") = "ChatApp.Server.Domain", "ChatApp.Server.Domain\ChatApp.Server.Domain.csproj", "{15F97435-B3EA-4A2E-A4F3-002770C19028}"
EndProject
Project("{FAE04EC0-301F-11D3-BF4B-00C04F79EFBC}") = "ChatApp.Server.Application", "ChatApp.Server.Application\ChatApp.Server.Application.csproj", "{ABD7B484-F233-4429-AA0A-E8DCDAD99C14}"
EndProject
Project("{FAE04EC0-301F-11D3-BF4B-00C04F79EFBC}") = "ChatApp.Server.Application.Tests", "ChatApp.Server.Application.Tests\ChatApp.Server.Application.Tests.csproj", "{7A07B564-ADB0-452D-85EC-F2631A6D4E56}"
EndProject
Project("{2150E333-8FDC-42A3-9474-1A3956D46DE8}") = "Solution Items", "Solution Items", "{C4827573-DBEA-4E5D-A5F4-BD8B859AAB65}"
	ProjectSection(SolutionItems) = preProject
		.dockerignore = .dockerignore
		.gitignore = .gitignore
		docker-compose.yml = docker-compose.yml
		Dockerfile = Dockerfile
	EndProjectSection
EndProject
Project("{FAE04EC0-301F-11D3-BF4B-00C04F79EFBC}") = "ChatApp.Server.Infrastructure", "ChatApp.Infrastructure\ChatApp.Server.Infrastructure.csproj", "{FC968473-AA18-4478-A24A-35B017660348}"
EndProject
Project("{FAE04EC0-301F-11D3-BF4B-00C04F79EFBC}") = "ChatApp.Infrastructure.Tests", "ChatApp.Infrastructure.Tests\ChatApp.Infrastructure.Tests.csproj", "{8690E266-C208-47C3-BE22-36A5AD8878B9}"
EndProject
Project("{2150E333-8FDC-42A3-9474-1A3956D46DE8}") = "infra", "infra", "{0E0914D6-478C-4EB4-8D5E-87C6666CA005}"
	ProjectSection(SolutionItems) = preProject
		..\infra\.terraform.lock.hcl = ..\infra\.terraform.lock.hcl
		..\infra\ecr.tf = ..\infra\ecr.tf
		..\infra\ecs.tf = ..\infra\ecs.tf
		..\infra\iam.tf = ..\infra\iam.tf
		..\infra\logs.tf = ..\infra\logs.tf
		..\infra\main.tf = ..\infra\main.tf
		..\infra\security.tf = ..\infra\security.tf
		..\infra\terraform.tfstate = ..\infra\terraform.tfstate
		..\infra\terraform.tfstate.backup = ..\infra\terraform.tfstate.backup
		..\infra\vpc.tf = ..\infra\vpc.tf
	EndProjectSection
EndProject
Global
	GlobalSection(SolutionConfigurationPlatforms) = preSolution
		Debug|Any CPU = Debug|Any CPU
		Debug|x64 = Debug|x64
		Debug|x86 = Debug|x86
		Release|Any CPU = Release|Any CPU
		Release|x64 = Release|x64
		Release|x86 = Release|x86
	EndGlobalSection
	GlobalSection(ProjectConfigurationPlatforms) = postSolution
		{D9922987-069B-4C15-BE17-8E1965B91FA3}.Debug|Any CPU.ActiveCfg = Debug|Any CPU
		{D9922987-069B-4C15-BE17-8E1965B91FA3}.Debug|Any CPU.Build.0 = Debug|Any CPU
		{D9922987-069B-4C15-BE17-8E1965B91FA3}.Debug|x64.ActiveCfg = Debug|Any CPU
		{D9922987-069B-4C15-BE17-8E1965B91FA3}.Debug|x64.Build.0 = Debug|Any CPU
		{D9922987-069B-4C15-BE17-8E1965B91FA3}.Debug|x86.ActiveCfg = Debug|Any CPU
		{D9922987-069B-4C15-BE17-8E1965B91FA3}.Debug|x86.Build.0 = Debug|Any CPU
		{D9922987-069B-4C15-BE17-8E1965B91FA3}.Release|Any CPU.ActiveCfg = Release|Any CPU
		{D9922987-069B-4C15-BE17-8E1965B91FA3}.Release|Any CPU.Build.0 = Release|Any CPU
		{D9922987-069B-4C15-BE17-8E1965B91FA3}.Release|x64.ActiveCfg = Release|Any CPU
		{D9922987-069B-4C15-BE17-8E1965B91FA3}.Release|x64.Build.0 = Release|Any CPU
		{D9922987-069B-4C15-BE17-8E1965B91FA3}.Release|x86.ActiveCfg = Release|Any CPU
		{D9922987-069B-4C15-BE17-8E1965B91FA3}.Release|x86.Build.0 = Release|Any CPU
		{15F97435-B3EA-4A2E-A4F3-002770C19028}.Debug|Any CPU.ActiveCfg = Debug|Any CPU
		{15F97435-B3EA-4A2E-A4F3-002770C19028}.Debug|Any CPU.Build.0 = Debug|Any CPU
		{15F97435-B3EA-4A2E-A4F3-002770C19028}.Debug|x64.ActiveCfg = Debug|Any CPU
		{15F97435-B3EA-4A2E-A4F3-002770C19028}.Debug|x64.Build.0 = Debug|Any CPU
		{15F97435-B3EA-4A2E-A4F3-002770C19028}.Debug|x86.ActiveCfg = Debug|Any CPU
		{15F97435-B3EA-4A2E-A4F3-002770C19028}.Debug|x86.Build.0 = Debug|Any CPU
		{15F97435-B3EA-4A2E-A4F3-002770C19028}.Release|Any CPU.ActiveCfg = Release|Any CPU
		{15F97435-B3EA-4A2E-A4F3-002770C19028}.Release|Any CPU.Build.0 = Release|Any CPU
		{15F97435-B3EA-4A2E-A4F3-002770C19028}.Release|x64.ActiveCfg = Release|Any CPU
		{15F97435-B3EA-4A2E-A4F3-002770C19028}.Release|x64.Build.0 = Release|Any CPU
		{15F97435-B3EA-4A2E-A4F3-002770C19028}.Release|x86.ActiveCfg = Release|Any CPU
		{15F97435-B3EA-4A2E-A4F3-002770C19028}.Release|x86.Build.0 = Release|Any CPU
		{ABD7B484-F233-4429-AA0A-E8DCDAD99C14}.Debug|Any CPU.ActiveCfg = Debug|Any CPU
		{ABD7B484-F233-4429-AA0A-E8DCDAD99C14}.Debug|Any CPU.Build.0 = Debug|Any CPU
		{ABD7B484-F233-4429-AA0A-E8DCDAD99C14}.Debug|x64.ActiveCfg = Debug|Any CPU
		{ABD7B484-F233-4429-AA0A-E8DCDAD99C14}.Debug|x64.Build.0 = Debug|Any CPU
		{ABD7B484-F233-4429-AA0A-E8DCDAD99C14}.Debug|x86.ActiveCfg = Debug|Any CPU
		{ABD7B484-F233-4429-AA0A-E8DCDAD99C14}.Debug|x86.Build.0 = Debug|Any CPU
		{ABD7B484-F233-4429-AA0A-E8DCDAD99C14}.Release|Any CPU.ActiveCfg = Release|Any CPU
		{ABD7B484-F233-4429-AA0A-E8DCDAD99C14}.Release|Any CPU.Build.0 = Release|Any CPU
		{ABD7B484-F233-4429-AA0A-E8DCDAD99C14}.Release|x64.ActiveCfg = Release|Any CPU
		{ABD7B484-F233-4429-AA0A-E8DCDAD99C14}.Release|x64.Build.0 = Release|Any CPU
		{ABD7B484-F233-4429-AA0A-E8DCDAD99C14}.Release|x86.ActiveCfg = Release|Any CPU
		{ABD7B484-F233-4429-AA0A-E8DCDAD99C14}.Release|x86.Build.0 = Release|Any CPU
		{7A07B564-ADB0-452D-85EC-F2631A6D4E56}.Debug|Any CPU.ActiveCfg = Debug|Any CPU
		{7A07B564-ADB0-452D-85EC-F2631A6D4E56}.Debug|Any CPU.Build.0 = Debug|Any CPU
		{7A07B564-ADB0-452D-85EC-F2631A6D4E56}.Debug|x64.ActiveCfg = Debug|Any CPU
		{7A07B564-ADB0-452D-85EC-F2631A6D4E56}.Debug|x64.Build.0 = Debug|Any CPU
		{7A07B564-ADB0-452D-85EC-F2631A6D4E56}.Debug|x86.ActiveCfg = Debug|Any CPU
		{7A07B564-ADB0-452D-85EC-F2631A6D4E56}.Debug|x86.Build.0 = Debug|Any CPU
		{7A07B564-ADB0-452D-85EC-F2631A6D4E56}.Release|Any CPU.ActiveCfg = Release|Any CPU
		{7A07B564-ADB0-452D-85EC-F2631A6D4E56}.Release|Any CPU.Build.0 = Release|Any CPU
		{7A07B564-ADB0-452D-85EC-F2631A6D4E56}.Release|x64.ActiveCfg = Release|Any CPU
		{7A07B564-ADB0-452D-85EC-F2631A6D4E56}.Release|x64.Build.0 = Release|Any CPU
		{7A07B564-ADB0-452D-85EC-F2631A6D4E56}.Release|x86.ActiveCfg = Release|Any CPU
		{7A07B564-ADB0-452D-85EC-F2631A6D4E56}.Release|x86.Build.0 = Release|Any CPU
		{FC968473-AA18-4478-A24A-35B017660348}.Debug|Any CPU.ActiveCfg = Debug|Any CPU
		{FC968473-AA18-4478-A24A-35B017660348}.Debug|Any CPU.Build.0 = Debug|Any CPU
		{FC968473-AA18-4478-A24A-35B017660348}.Debug|x64.ActiveCfg = Debug|Any CPU
		{FC968473-AA18-4478-A24A-35B017660348}.Debug|x64.Build.0 = Debug|Any CPU
		{FC968473-AA18-4478-A24A-35B017660348}.Debug|x86.ActiveCfg = Debug|Any CPU
		{FC968473-AA18-4478-A24A-35B017660348}.Debug|x86.Build.0 = Debug|Any CPU
		{FC968473-AA18-4478-A24A-35B017660348}.Release|Any CPU.ActiveCfg = Release|Any CPU
		{FC968473-AA18-4478-A24A-35B017660348}.Release|Any CPU.Build.0 = Release|Any CPU
		{FC968473-AA18-4478-A24A-35B017660348}.Release|x64.ActiveCfg = Release|Any CPU
		{FC968473-AA18-4478-A24A-35B017660348}.Release|x64.Build.0 = Release|Any CPU
		{FC968473-AA18-4478-A24A-35B017660348}.Release|x86.ActiveCfg = Release|Any CPU
		{FC968473-AA18-4478-A24A-35B017660348}.Release|x86.Build.0 = Release|Any CPU
		{8690E266-C208-47C3-BE22-36A5AD8878B9}.Debug|Any CPU.ActiveCfg = Debug|Any CPU
		{8690E266-C208-47C3-BE22-36A5AD8878B9}.Debug|Any CPU.Build.0 = Debug|Any CPU
		{8690E266-C208-47C3-BE22-36A5AD8878B9}.Debug|x64.ActiveCfg = Debug|Any CPU
		{8690E266-C208-47C3-BE22-36A5AD8878B9}.Debug|x64.Build.0 = Debug|Any CPU
		{8690E266-C208-47C3-BE22-36A5AD8878B9}.Debug|x86.ActiveCfg = Debug|Any CPU
		{8690E266-C208-47C3-BE22-36A5AD8878B9}.Debug|x86.Build.0 = Debug|Any CPU
		{8690E266-C208-47C3-BE22-36A5AD8878B9}.Release|Any CPU.ActiveCfg = Release|Any CPU
		{8690E266-C208-47C3-BE22-36A5AD8878B9}.Release|Any CPU.Build.0 = Release|Any CPU
		{8690E266-C208-47C3-BE22-36A5AD8878B9}.Release|x64.ActiveCfg = Release|Any CPU
		{8690E266-C208-47C3-BE22-36A5AD8878B9}.Release|x64.Build.0 = Release|Any CPU
		{8690E266-C208-47C3-BE22-36A5AD8878B9}.Release|x86.ActiveCfg = Release|Any CPU
		{8690E266-C208-47C3-BE22-36A5AD8878B9}.Release|x86.Build.0 = Release|Any CPU
	EndGlobalSection
	GlobalSection(SolutionProperties) = preSolution
		HideSolutionNode = FALSE
	EndGlobalSection
EndGlobal
