{
  "version": 4,
  "terraform_version": "1.11.3",
  "serial": 68,
  "lineage": "16ef243f-2d5b-a218-23e9-9ebea78be6db",
  "outputs": {},
  "resources": [
    {
      "mode": "data",
      "type": "aws_ecr_repository",
      "name": "chatapp-backend",
      "provider": "provider[\"registry.terraform.io/hashicorp/aws\"]",
      "instances": [
        {
          "schema_version": 0,
          "attributes": {
            "arn": "arn:aws:ecr:eu-west-1:471112615800:repository/chatapp-backend",
            "encryption_configuration": [
              {
                "encryption_type": "AES256",
                "kms_key": ""
              }
            ],
            "id": "chatapp-backend",
            "image_scanning_configuration": [
              {
                "scan_on_push": false
              }
            ],
            "image_tag_mutability": "MUTABLE",
            "most_recent_image_tags": [
              "latest"
            ],
            "name": "chatapp-backend",
            "registry_id": "471112615800",
            "repository_url": "471112615800.dkr.ecr.eu-west-1.amazonaws.com/chatapp-backend",
            "tags": {}
          },
          "sensitive_attributes": []
        }
      ]
    },
    {
      "mode": "data",
      "type": "aws_ecr_repository",
      "name": "chatapp-frontend",
      "provider": "provider[\"registry.terraform.io/hashicorp/aws\"]",
      "instances": [
        {
          "schema_version": 0,
          "attributes": {
            "arn": "arn:aws:ecr:eu-west-1:471112615800:repository/chatapp-frontend",
            "encryption_configuration": [
              {
                "encryption_type": "AES256",
                "kms_key": ""
              }
            ],
            "id": "chatapp-frontend",
            "image_scanning_configuration": [
              {
                "scan_on_push": false
              }
            ],
            "image_tag_mutability": "MUTABLE",
            "most_recent_image_tags": [
              "latest"
            ],
            "name": "chatapp-frontend",
            "registry_id": "471112615800",
            "repository_url": "471112615800.dkr.ecr.eu-west-1.amazonaws.com/chatapp-frontend",
            "tags": {}
          },
          "sensitive_attributes": []
        }
      ]
    },
    {
      "mode": "data",
      "type": "aws_iam_policy_document",
      "name": "ecs-instance-policy",
      "provider": "provider[\"registry.terraform.io/hashicorp/aws\"]",
      "instances": [
        {
          "schema_version": 0,
          "attributes": {
            "id": "320642683",
            "json": "{\n  \"Version\": \"2012-10-17\",\n  \"Statement\": [\n    {\n      \"Sid\": \"\",\n      \"Effect\": \"Allow\",\n      \"Action\": \"sts:AssumeRole\",\n      \"Principal\": {\n        \"Service\": \"ecs-tasks.amazonaws.com\"\n      }\n    }\n  ]\n}",
            "override_json": null,
            "override_policy_documents": null,
            "policy_id": null,
            "source_json": null,
            "source_policy_documents": null,
            "statement": [
              {
                "actions": [
                  "sts:AssumeRole"
                ],
                "condition": [],
                "effect": "Allow",
                "not_actions": [],
                "not_principals": [],
                "not_resources": [],
                "principals": [
                  {
                    "identifiers": [
                      "ecs-tasks.amazonaws.com"
                    ],
                    "type": "Service"
                  }
                ],
                "resources": [],
                "sid": ""
              }
            ],
            "version": "2012-10-17"
          },
          "sensitive_attributes": []
        }
      ]
    },
    {
      "mode": "data",
      "type": "aws_secretsmanager_secret",
      "name": "chatapp-secrets",
      "provider": "provider[\"registry.terraform.io/hashicorp/aws\"]",
      "instances": [
        {
          "schema_version": 0,
          "attributes": {
            "arn": "arn:aws:secretsmanager:eu-west-1:471112615800:secret:chatapp-secrets-RFAsLl",
            "description": "",
            "id": "arn:aws:secretsmanager:eu-west-1:471112615800:secret:chatapp-secrets-RFAsLl",
            "kms_key_id": "",
            "name": "chatapp-secrets",
            "policy": "",
            "rotation_enabled": false,
            "rotation_lambda_arn": "",
            "rotation_rules": [],
            "tags": {}
          },
          "sensitive_attributes": []
        }
      ]
    },
    {
      "mode": "data",
      "type": "aws_secretsmanager_secret",
      "name": "test-secrets",
      "provider": "provider[\"registry.terraform.io/hashicorp/aws\"]",
      "instances": [
        {
          "schema_version": 0,
          "attributes": {
            "arn": "arn:aws:secretsmanager:eu-west-1:471112615800:secret:test-secrets-M0Erfh",
            "description": "",
            "id": "arn:aws:secretsmanager:eu-west-1:471112615800:secret:test-secrets-M0Erfh",
            "kms_key_id": "",
            "name": "test-secrets",
            "policy": "",
            "rotation_enabled": false,
            "rotation_lambda_arn": "",
            "rotation_rules": [],
            "tags": {}
          },
          "sensitive_attributes": []
        }
      ]
    },
    {
      "mode": "data",
      "type": "aws_secretsmanager_secret_version",
      "name": "chatapp-secrets",
      "provider": "provider[\"registry.terraform.io/hashicorp/aws\"]",
      "instances": [
        {
          "schema_version": 0,
          "attributes": {
            "arn": "arn:aws:secretsmanager:eu-west-1:471112615800:secret:chatapp-secrets-RFAsLl",
            "id": "arn:aws:secretsmanager:eu-west-1:471112615800:secret:chatapp-secrets-RFAsLl|AWSCURRENT",
            "secret_binary": "",
            "secret_id": "arn:aws:secretsmanager:eu-west-1:471112615800:secret:chatapp-secrets-RFAsLl",
            "secret_string": "{\"CA_MSSQL_CONNECTION_STRING\":\"connection\",\"CA_OIDC_GOOGLE_SECRET_CLIENT_ID\":\"secret\",\"CA_MSSQL_SA_PASSWORD\":\"8^ysQ\u0026SQFeiBxB4n\"}",
            "version_id": "ce87518b-5ffd-4f7d-8127-302d537da8a8",
            "version_stage": "AWSCURRENT",
            "version_stages": [
              "AWSCURRENT"
            ]
          },
          "sensitive_attributes": [
            [
              {
                "type": "get_attr",
                "value": "secret_binary"
              }
            ],
            [
              {
                "type": "get_attr",
                "value": "secret_string"
              }
            ]
          ]
        }
      ]
    },
    {
      "mode": "managed",
      "type": "aws_cloudwatch_log_group",
      "name": "chatapp",
      "provider": "provider[\"registry.terraform.io/hashicorp/aws\"]",
      "instances": [
        {
          "schema_version": 0,
          "attributes": {
            "arn": "arn:aws:logs:eu-west-1:471112615800:log-group:chatapp",
            "id": "chatapp",
            "kms_key_id": "",
            "name": "chatapp",
            "name_prefix": "",
            "retention_in_days": 0,
            "skip_destroy": false,
            "tags": {},
            "tags_all": {}
          },
          "sensitive_attributes": [],
          "private": "bnVsbA=="
        }
      ]
    },
    {
      "mode": "managed",
      "type": "aws_ecs_cluster",
      "name": "chatapp-cluster",
      "provider": "provider[\"registry.terraform.io/hashicorp/aws\"]",
      "instances": [
        {
          "schema_version": 0,
          "attributes": {
            "arn": "arn:aws:ecs:eu-west-1:471112615800:cluster/chatapp-cluster",
            "capacity_providers": [],
            "configuration": [],
            "default_capacity_provider_strategy": [],
            "id": "arn:aws:ecs:eu-west-1:471112615800:cluster/chatapp-cluster",
            "name": "chatapp-cluster",
            "service_connect_defaults": [],
            "setting": [
              {
                "name": "containerInsights",
                "value": "disabled"
              }
            ],
            "tags": {},
            "tags_all": {}
          },
          "sensitive_attributes": [],
          "private": "bnVsbA=="
        }
      ]
    },
    {
      "mode": "managed",
      "type": "aws_ecs_service",
      "name": "backend",
      "provider": "provider[\"registry.terraform.io/hashicorp/aws\"]",
      "instances": [
        {
          "schema_version": 0,
          "attributes": {
            "alarms": [],
            "capacity_provider_strategy": [],
            "cluster": "arn:aws:ecs:eu-west-1:471112615800:cluster/chatapp-cluster",
            "deployment_circuit_breaker": [
              {
                "enable": false,
                "rollback": false
              }
            ],
            "deployment_controller": [
              {
                "type": "ECS"
              }
            ],
            "deployment_maximum_percent": 200,
            "deployment_minimum_healthy_percent": 100,
            "desired_count": 1,
            "enable_ecs_managed_tags": false,
            "enable_execute_command": false,
            "force_new_deployment": null,
            "health_check_grace_period_seconds": 0,
            "iam_role": "/aws-service-role/ecs.amazonaws.com/AWSServiceRoleForECS",
            "id": "arn:aws:ecs:eu-west-1:471112615800:service/chatapp-cluster/backend",
            "launch_type": "FARGATE",
            "load_balancer": [],
            "name": "backend",
            "network_configuration": [
              {
                "assign_public_ip": true,
                "security_groups": [
                  "sg-0f465aeffe5f4efdf"
                ],
                "subnets": [
                  "subnet-0fcf41177658804c7"
                ]
              }
            ],
            "ordered_placement_strategy": [],
            "placement_constraints": [],
            "platform_version": "LATEST",
            "propagate_tags": "NONE",
            "scheduling_strategy": "REPLICA",
            "service_connect_configuration": [],
            "service_registries": [
              {
                "container_name": "",
                "container_port": 0,
                "port": 0,
                "registry_arn": "arn:aws:servicediscovery:eu-west-1:471112615800:service/srv-dar3olarv4c4orus"
              }
            ],
            "tags": {},
            "tags_all": {},
            "task_definition": "arn:aws:ecs:eu-west-1:471112615800:task-definition/chatapp-backend:4",
            "timeouts": null,
            "triggers": {},
            "wait_for_steady_state": false
          },
          "sensitive_attributes": [],
          "private": "eyJlMmJmYjczMC1lY2FhLTExZTYtOGY4OC0zNDM2M2JjN2M0YzAiOnsiY3JlYXRlIjoxMjAwMDAwMDAwMDAwLCJkZWxldGUiOjEyMDAwMDAwMDAwMDAsInVwZGF0ZSI6MTIwMDAwMDAwMDAwMH19",
          "dependencies": [
            "aws_cloudwatch_log_group.chatapp",
            "aws_ecs_cluster.chatapp-cluster",
            "aws_ecs_task_definition.chatapp-backend-task-definition",
            "aws_iam_role.ecs-task-exec-role",
            "aws_security_group.allow-all",
            "aws_service_discovery_private_dns_namespace.chatapp_private",
            "aws_service_discovery_service.backend",
            "aws_subnet.chatapp-public",
            "aws_vpc.chatapp-vpc",
            "data.aws_ecr_repository.chatapp-backend",
            "data.aws_iam_policy_document.ecs-instance-policy"
          ]
        }
      ]
    },
    {
      "mode": "managed",
      "type": "aws_ecs_service",
      "name": "frontend",
      "provider": "provider[\"registry.terraform.io/hashicorp/aws\"]",
      "instances": [
        {
          "schema_version": 0,
          "attributes": {
            "alarms": [],
            "capacity_provider_strategy": [],
            "cluster": "arn:aws:ecs:eu-west-1:471112615800:cluster/chatapp-cluster",
            "deployment_circuit_breaker": [
              {
                "enable": false,
                "rollback": false
              }
            ],
            "deployment_controller": [
              {
                "type": "ECS"
              }
            ],
            "deployment_maximum_percent": 200,
            "deployment_minimum_healthy_percent": 100,
            "desired_count": 1,
            "enable_ecs_managed_tags": false,
            "enable_execute_command": false,
            "force_new_deployment": null,
            "health_check_grace_period_seconds": 0,
            "iam_role": "/aws-service-role/ecs.amazonaws.com/AWSServiceRoleForECS",
            "id": "arn:aws:ecs:eu-west-1:471112615800:service/chatapp-cluster/frontend",
            "launch_type": "FARGATE",
            "load_balancer": [],
            "name": "frontend",
            "network_configuration": [
              {
                "assign_public_ip": true,
                "security_groups": [
                  "sg-0f465aeffe5f4efdf"
                ],
                "subnets": [
                  "subnet-0fcf41177658804c7"
                ]
              }
            ],
            "ordered_placement_strategy": [],
            "placement_constraints": [],
            "platform_version": "LATEST",
            "propagate_tags": "NONE",
            "scheduling_strategy": "REPLICA",
            "service_connect_configuration": [],
            "service_registries": [
              {
                "container_name": "",
                "container_port": 0,
                "port": 0,
                "registry_arn": "arn:aws:servicediscovery:eu-west-1:471112615800:service/srv-bmshxu2ipnzydpi4"
              }
            ],
            "tags": {},
            "tags_all": {},
            "task_definition": "arn:aws:ecs:eu-west-1:471112615800:task-definition/chatapp-frontend:16",
            "timeouts": null,
            "triggers": {},
            "wait_for_steady_state": false
          },
          "sensitive_attributes": [],
          "private": "eyJlMmJmYjczMC1lY2FhLTExZTYtOGY4OC0zNDM2M2JjN2M0YzAiOnsiY3JlYXRlIjoxMjAwMDAwMDAwMDAwLCJkZWxldGUiOjEyMDAwMDAwMDAwMDAsInVwZGF0ZSI6MTIwMDAwMDAwMDAwMH19",
          "dependencies": [
            "aws_cloudwatch_log_group.chatapp",
            "aws_ecs_cluster.chatapp-cluster",
            "aws_ecs_task_definition.chatapp-frontend-task-definition",
            "aws_iam_role.ecs-task-exec-role",
            "aws_security_group.allow-all",
            "aws_service_discovery_private_dns_namespace.chatapp_private",
            "aws_service_discovery_service.frontend",
            "aws_subnet.chatapp-public",
            "aws_vpc.chatapp-vpc",
            "data.aws_ecr_repository.chatapp-frontend",
            "data.aws_iam_policy_document.ecs-instance-policy"
          ]
        }
      ]
    },
    {
      "mode": "managed",
      "type": "aws_ecs_service",
      "name": "mssql",
      "provider": "provider[\"registry.terraform.io/hashicorp/aws\"]",
      "instances": [
        {
          "schema_version": 0,
          "attributes": {
            "alarms": [],
            "capacity_provider_strategy": [],
            "cluster": "arn:aws:ecs:eu-west-1:471112615800:cluster/chatapp-cluster",
            "deployment_circuit_breaker": [
              {
                "enable": false,
                "rollback": false
              }
            ],
            "deployment_controller": [
              {
                "type": "ECS"
              }
            ],
            "deployment_maximum_percent": 200,
            "deployment_minimum_healthy_percent": 100,
            "desired_count": 1,
            "enable_ecs_managed_tags": false,
            "enable_execute_command": false,
            "force_new_deployment": null,
            "health_check_grace_period_seconds": 0,
            "iam_role": "/aws-service-role/ecs.amazonaws.com/AWSServiceRoleForECS",
            "id": "arn:aws:ecs:eu-west-1:471112615800:service/chatapp-cluster/mssql",
            "launch_type": "FARGATE",
            "load_balancer": [],
            "name": "mssql",
            "network_configuration": [
              {
                "assign_public_ip": true,
                "security_groups": [
                  "sg-0f465aeffe5f4efdf"
                ],
                "subnets": [
                  "subnet-0fcf41177658804c7"
                ]
              }
            ],
            "ordered_placement_strategy": [],
            "placement_constraints": [],
            "platform_version": "LATEST",
            "propagate_tags": "NONE",
            "scheduling_strategy": "REPLICA",
            "service_connect_configuration": [],
            "service_registries": [
              {
                "container_name": "",
                "container_port": 0,
                "port": 0,
                "registry_arn": "arn:aws:servicediscovery:eu-west-1:471112615800:service/srv-rwvdj7eofgy3tfpa"
              }
            ],
            "tags": {},
            "tags_all": {},
            "task_definition": "arn:aws:ecs:eu-west-1:471112615800:task-definition/chatapp-msqql:2",
            "timeouts": null,
            "triggers": {},
            "wait_for_steady_state": false
          },
          "sensitive_attributes": [],
          "private": "eyJlMmJmYjczMC1lY2FhLTExZTYtOGY4OC0zNDM2M2JjN2M0YzAiOnsiY3JlYXRlIjoxMjAwMDAwMDAwMDAwLCJkZWxldGUiOjEyMDAwMDAwMDAwMDAsInVwZGF0ZSI6MTIwMDAwMDAwMDAwMH19",
          "dependencies": [
            "aws_cloudwatch_log_group.chatapp",
            "aws_ecs_cluster.chatapp-cluster",
            "aws_ecs_task_definition.chatapp_mssql_task_definition",
            "aws_iam_role.ecs-task-exec-role",
            "aws_security_group.allow-all",
            "aws_service_discovery_private_dns_namespace.chatapp_private",
            "aws_service_discovery_service.mssql",
            "aws_subnet.chatapp-public",
            "aws_vpc.chatapp-vpc",
            "data.aws_iam_policy_document.ecs-instance-policy",
            "data.aws_secretsmanager_secret.chatapp-secrets",
            "data.aws_secretsmanager_secret_version.chatapp-secrets"
          ]
        }
      ]
    },
    {
      "mode": "managed",
      "type": "aws_ecs_task_definition",
      "name": "chatapp-backend-task-definition",
      "provider": "provider[\"registry.terraform.io/hashicorp/aws\"]",
      "instances": [
        {
          "schema_version": 1,
          "attributes": {
            "arn": "arn:aws:ecs:eu-west-1:471112615800:task-definition/chatapp-backend:4",
            "arn_without_revision": "arn:aws:ecs:eu-west-1:471112615800:task-definition/chatapp-backend",
            "container_definitions": "[{\"cpu\":0,\"environment\":[{\"name\":\"CA_MSSQL_HOST\",\"value\":\"mssql,1433\"},{\"name\":\"CA_OIDC_GOOGLE_AUTHORITY\",\"value\":\"https://accounts.google.com\"},{\"name\":\"CA_OIDC_GOOGLE_CLIENT_ID\",\"value\":\"178336905267-g69rdobhf6ivt0p5nq0lbnmec86r0tgu.apps.googleusercontent.com\"}],\"essential\":true,\"image\":\"471112615800.dkr.ecr.eu-west-1.amazonaws.com/chatapp-backend\",\"logConfiguration\":{\"logDriver\":\"awslogs\",\"options\":{\"awslogs-group\":\"chatapp\",\"awslogs-region\":\"eu-west-1\",\"awslogs-stream-prefix\":\"streaming\"}},\"mountPoints\":[],\"name\":\"chatapp-backend\",\"portMappings\":[{\"containerPort\":5142,\"hostPort\":5142,\"protocol\":\"tcp\"}],\"systemControls\":[],\"volumesFrom\":[]}]",
            "cpu": "1024",
            "ephemeral_storage": [],
            "execution_role_arn": "arn:aws:iam::471112615800:role/ecs-task-exec-role",
            "family": "chatapp-backend",
            "id": "chatapp-backend",
            "inference_accelerator": [],
            "ipc_mode": "",
            "memory": "2048",
            "network_mode": "awsvpc",
            "pid_mode": "",
            "placement_constraints": [],
            "proxy_configuration": [],
            "requires_compatibilities": [
              "FARGATE"
            ],
            "revision": 4,
            "runtime_platform": [],
            "skip_destroy": false,
            "tags": {},
            "tags_all": {},
            "task_role_arn": "",
            "volume": []
          },
          "sensitive_attributes": [],
          "private": "eyJzY2hlbWFfdmVyc2lvbiI6IjEifQ==",
          "dependencies": [
            "aws_cloudwatch_log_group.chatapp",
            "aws_iam_role.ecs-task-exec-role",
            "data.aws_ecr_repository.chatapp-backend",
            "data.aws_iam_policy_document.ecs-instance-policy"
          ]
        }
      ]
    },
    {
      "mode": "managed",
      "type": "aws_ecs_task_definition",
      "name": "chatapp-frontend-task-definition",
      "provider": "provider[\"registry.terraform.io/hashicorp/aws\"]",
      "instances": [
        {
          "schema_version": 1,
          "attributes": {
            "arn": "arn:aws:ecs:eu-west-1:471112615800:task-definition/chatapp-frontend:16",
            "arn_without_revision": "arn:aws:ecs:eu-west-1:471112615800:task-definition/chatapp-frontend",
            "container_definitions": "[{\"cpu\":0,\"environment\":[{\"name\":\"NEXT_PUBLIC_BACKEND_URL\",\"value\":\"http://backend:5142\"}],\"essential\":true,\"image\":\"471112615800.dkr.ecr.eu-west-1.amazonaws.com/chatapp-frontend\",\"logConfiguration\":{\"logDriver\":\"awslogs\",\"options\":{\"awslogs-group\":\"chatapp\",\"awslogs-region\":\"eu-west-1\",\"awslogs-stream-prefix\":\"streaming\"}},\"mountPoints\":[],\"name\":\"chatapp-frontend\",\"portMappings\":[{\"containerPort\":3000,\"hostPort\":3000,\"protocol\":\"tcp\"}],\"systemControls\":[],\"volumesFrom\":[]}]",
            "cpu": "1024",
            "ephemeral_storage": [],
            "execution_role_arn": "arn:aws:iam::471112615800:role/ecs-task-exec-role",
            "family": "chatapp-frontend",
            "id": "chatapp-frontend",
            "inference_accelerator": [],
            "ipc_mode": "",
            "memory": "2048",
            "network_mode": "awsvpc",
            "pid_mode": "",
            "placement_constraints": [],
            "proxy_configuration": [],
            "requires_compatibilities": [
              "FARGATE"
            ],
            "revision": 16,
            "runtime_platform": [],
            "skip_destroy": false,
            "tags": {},
            "tags_all": {},
            "task_role_arn": "",
            "volume": []
          },
          "sensitive_attributes": [],
          "private": "eyJzY2hlbWFfdmVyc2lvbiI6IjEifQ==",
          "dependencies": [
            "aws_cloudwatch_log_group.chatapp",
            "aws_iam_role.ecs-task-exec-role",
            "data.aws_ecr_repository.chatapp-frontend",
            "data.aws_iam_policy_document.ecs-instance-policy"
          ]
        }
      ]
    },
    {
      "mode": "managed",
      "type": "aws_ecs_task_definition",
      "name": "chatapp_mssql_task_definition",
      "provider": "provider[\"registry.terraform.io/hashicorp/aws\"]",
      "instances": [
        {
          "schema_version": 1,
          "attributes": {
            "arn": "arn:aws:ecs:eu-west-1:471112615800:task-definition/chatapp-msqql:2",
            "arn_without_revision": "arn:aws:ecs:eu-west-1:471112615800:task-definition/chatapp-msqql",
            "container_definitions": "[{\"cpu\":0,\"environment\":[{\"name\":\"ACCEPT_EULA\",\"value\":\"Y\"},{\"name\":\"MSSQL_PID\",\"value\":\"Developer\"},{\"name\":\"MSSQL_SA_PASSWORD\",\"value\":\"8^ysQ\u0026SQFeiBxB4n\"}],\"essential\":true,\"image\":\"mcr.microsoft.com/mssql/server:2022-preview-ubuntu-22.04\",\"logConfiguration\":{\"logDriver\":\"awslogs\",\"options\":{\"awslogs-group\":\"chatapp\",\"awslogs-region\":\"eu-west-1\",\"awslogs-stream-prefix\":\"streaming\"}},\"mountPoints\":[],\"name\":\"chatapp-mssql\",\"portMappings\":[{\"containerPort\":1433,\"hostPort\":1433,\"protocol\":\"tcp\"}],\"systemControls\":[],\"volumesFrom\":[]}]",
            "cpu": "1024",
            "ephemeral_storage": [],
            "execution_role_arn": "arn:aws:iam::471112615800:role/ecs-task-exec-role",
            "family": "chatapp-msqql",
            "id": "chatapp-msqql",
            "inference_accelerator": [],
            "ipc_mode": "",
            "memory": "2048",
            "network_mode": "awsvpc",
            "pid_mode": "",
            "placement_constraints": [],
            "proxy_configuration": [],
            "requires_compatibilities": [
              "FARGATE"
            ],
            "revision": 2,
            "runtime_platform": [],
            "skip_destroy": false,
            "tags": {},
            "tags_all": {},
            "task_role_arn": "",
            "volume": []
          },
          "sensitive_attributes": [
            [
              {
                "type": "get_attr",
                "value": "container_definitions"
              }
            ]
          ],
          "private": "eyJzY2hlbWFfdmVyc2lvbiI6IjEifQ==",
          "dependencies": [
            "aws_cloudwatch_log_group.chatapp",
            "aws_iam_role.ecs-task-exec-role",
            "data.aws_iam_policy_document.ecs-instance-policy",
            "data.aws_secretsmanager_secret.chatapp-secrets",
            "data.aws_secretsmanager_secret_version.chatapp-secrets"
          ]
        }
      ]
    },
    {
      "mode": "managed",
      "type": "aws_eip",
      "name": "chatapp-nat-gateway-eip",
      "provider": "provider[\"registry.terraform.io/hashicorp/aws\"]",
      "instances": [
        {
          "schema_version": 0,
          "attributes": {
            "address": null,
            "allocation_id": "eipalloc-0222dcb533b525a9f",
            "associate_with_private_ip": null,
            "association_id": "eipassoc-0b25177d7e7906f3c",
            "carrier_ip": "",
            "customer_owned_ip": "",
            "customer_owned_ipv4_pool": "",
            "domain": "vpc",
            "id": "eipalloc-0222dcb533b525a9f",
            "instance": "",
            "network_border_group": "eu-west-1",
            "network_interface": "eni-0650614cfdc77cf09",
            "private_dns": "ip-10-0-0-105.eu-west-1.compute.internal",
            "private_ip": "10.0.0.105",
            "public_dns": "ec2-54-170-193-40.eu-west-1.compute.amazonaws.com",
            "public_ip": "54.170.193.40",
            "public_ipv4_pool": "amazon",
            "tags": {},
            "tags_all": {},
            "timeouts": null,
            "vpc": true
          },
          "sensitive_attributes": [],
          "private": "eyJlMmJmYjczMC1lY2FhLTExZTYtOGY4OC0zNDM2M2JjN2M0YzAiOnsiZGVsZXRlIjoxODAwMDAwMDAwMDAsInJlYWQiOjkwMDAwMDAwMDAwMCwidXBkYXRlIjozMDAwMDAwMDAwMDB9fQ=="
        }
      ]
    },
    {
      "mode": "managed",
      "type": "aws_iam_policy",
      "name": "aws_secrets_policy",
      "provider": "provider[\"registry.terraform.io/hashicorp/aws\"]",
      "instances": [
        {
          "schema_version": 0,
          "attributes": {
            "arn": "arn:aws:iam::471112615800:policy/ecs-secrets-access",
            "description": "",
            "id": "arn:aws:iam::471112615800:policy/ecs-secrets-access",
            "name": "ecs-secrets-access",
            "name_prefix": "",
            "path": "/",
            "policy": "{\"Statement\":[{\"Action\":[\"secretsmanager:GetSecretValue\"],\"Effect\":\"Allow\",\"Resource\":[\"arn:aws:secretsmanager:eu-west-1:471112615800:secret:chatapp-secrets-RFAsLl\"]}],\"Version\":\"2012-10-17\"}",
            "policy_id": "ANPAW3MEAA54BCZ52MFPY",
            "tags": {},
            "tags_all": {}
          },
          "sensitive_attributes": [],
          "private": "bnVsbA==",
          "dependencies": [
            "data.aws_secretsmanager_secret.chatapp-secrets"
          ]
        }
      ]
    },
    {
      "mode": "managed",
      "type": "aws_iam_role",
      "name": "ecs-task-exec-role",
      "provider": "provider[\"registry.terraform.io/hashicorp/aws\"]",
      "instances": [
        {
          "schema_version": 0,
          "attributes": {
            "arn": "arn:aws:iam::471112615800:role/ecs-task-exec-role",
            "assume_role_policy": "{\"Statement\":[{\"Action\":\"sts:AssumeRole\",\"Effect\":\"Allow\",\"Principal\":{\"Service\":\"ecs-tasks.amazonaws.com\"},\"Sid\":\"\"}],\"Version\":\"2012-10-17\"}",
            "create_date": "2025-04-09T07:23:15Z",
            "description": "",
            "force_detach_policies": false,
            "id": "ecs-task-exec-role",
            "inline_policy": [],
            "managed_policy_arns": [
              "arn:aws:iam::471112615800:policy/ecs-secrets-access",
              "arn:aws:iam::aws:policy/service-role/AmazonECSTaskExecutionRolePolicy"
            ],
            "max_session_duration": 3600,
            "name": "ecs-task-exec-role",
            "name_prefix": "",
            "path": "/",
            "permissions_boundary": null,
            "role_last_used": [
              {
                "last_used_date": "",
                "region": ""
              }
            ],
            "tags": {},
            "tags_all": {},
            "unique_id": "AROAW3MEAA54HPRZ47NJQ"
          },
          "sensitive_attributes": [],
          "private": "bnVsbA==",
          "dependencies": [
            "data.aws_iam_policy_document.ecs-instance-policy"
          ]
        }
      ]
    },
    {
      "mode": "managed",
      "type": "aws_iam_role_policy_attachment",
      "name": "ecs_task_execution_policy",
      "provider": "provider[\"registry.terraform.io/hashicorp/aws\"]",
      "instances": [
        {
          "schema_version": 0,
          "attributes": {
            "id": "ecs-task-exec-role-20250409072316596600000001",
            "policy_arn": "arn:aws:iam::aws:policy/service-role/AmazonECSTaskExecutionRolePolicy",
            "role": "ecs-task-exec-role"
          },
          "sensitive_attributes": [],
          "private": "bnVsbA==",
          "dependencies": [
            "aws_iam_role.ecs-task-exec-role",
            "data.aws_iam_policy_document.ecs-instance-policy"
          ]
        }
      ]
    },
    {
      "mode": "managed",
      "type": "aws_iam_role_policy_attachment",
      "name": "secrets-attatchement",
      "provider": "provider[\"registry.terraform.io/hashicorp/aws\"]",
      "instances": [
        {
          "schema_version": 0,
          "attributes": {
            "id": "ecs-task-exec-role-20250409073026544700000002",
            "policy_arn": "arn:aws:iam::471112615800:policy/ecs-secrets-access",
            "role": "ecs-task-exec-role"
          },
          "sensitive_attributes": [],
          "private": "bnVsbA==",
          "dependencies": [
            "aws_iam_policy.aws_secrets_policy",
            "aws_iam_role.ecs-task-exec-role",
            "data.aws_iam_policy_document.ecs-instance-policy",
            "data.aws_secretsmanager_secret.chatapp-secrets"
          ]
        }
      ]
    },
    {
      "mode": "managed",
      "type": "aws_internet_gateway",
      "name": "chatapp-internet-gateway",
      "provider": "provider[\"registry.terraform.io/hashicorp/aws\"]",
      "instances": [
        {
          "schema_version": 0,
          "attributes": {
            "arn": "arn:aws:ec2:eu-west-1:471112615800:internet-gateway/igw-0b94a5c669dfeb1e0",
            "id": "igw-0b94a5c669dfeb1e0",
            "owner_id": "471112615800",
            "tags": {},
            "tags_all": {},
            "timeouts": null,
            "vpc_id": "vpc-0b0881bcb14954126"
          },
          "sensitive_attributes": [],
          "private": "eyJlMmJmYjczMC1lY2FhLTExZTYtOGY4OC0zNDM2M2JjN2M0YzAiOnsiY3JlYXRlIjoxMjAwMDAwMDAwMDAwLCJkZWxldGUiOjEyMDAwMDAwMDAwMDAsInVwZGF0ZSI6MTIwMDAwMDAwMDAwMH19",
          "dependencies": [
            "aws_vpc.chatapp-vpc"
          ]
        }
      ]
    },
    {
      "mode": "managed",
      "type": "aws_nat_gateway",
      "name": "chatapp-nat-gateway",
      "provider": "provider[\"registry.terraform.io/hashicorp/aws\"]",
      "instances": [
        {
          "schema_version": 0,
          "attributes": {
            "allocation_id": "eipalloc-0222dcb533b525a9f",
            "association_id": "eipassoc-0b25177d7e7906f3c",
            "connectivity_type": "public",
            "id": "nat-0a5355f90f629a41c",
            "network_interface_id": "eni-0650614cfdc77cf09",
            "private_ip": "10.0.0.105",
            "public_ip": "54.170.193.40",
            "subnet_id": "subnet-0fcf41177658804c7",
            "tags": {},
            "tags_all": {}
          },
          "sensitive_attributes": [],
          "private": "bnVsbA==",
          "dependencies": [
            "aws_eip.chatapp-nat-gateway-eip",
            "aws_subnet.chatapp-public",
            "aws_vpc.chatapp-vpc"
          ]
        }
      ]
    },
    {
      "mode": "managed",
      "type": "aws_route_table",
      "name": "private-route-table",
      "provider": "provider[\"registry.terraform.io/hashicorp/aws\"]",
      "instances": [
        {
          "schema_version": 0,
          "attributes": {
            "arn": "arn:aws:ec2:eu-west-1:471112615800:route-table/rtb-01adde4616194d91f",
            "id": "rtb-01adde4616194d91f",
            "owner_id": "471112615800",
            "propagating_vgws": [],
            "route": [
              {
                "carrier_gateway_id": "",
                "cidr_block": "0.0.0.0/0",
                "core_network_arn": "",
                "destination_prefix_list_id": "",
                "egress_only_gateway_id": "",
                "gateway_id": "nat-0a5355f90f629a41c",
                "instance_id": "",
                "ipv6_cidr_block": "",
                "local_gateway_id": "",
                "nat_gateway_id": "",
                "network_interface_id": "",
                "transit_gateway_id": "",
                "vpc_endpoint_id": "",
                "vpc_peering_connection_id": ""
              }
            ],
            "tags": {},
            "tags_all": {},
            "timeouts": null,
            "vpc_id": "vpc-0b0881bcb14954126"
          },
          "sensitive_attributes": [],
          "private": "eyJlMmJmYjczMC1lY2FhLTExZTYtOGY4OC0zNDM2M2JjN2M0YzAiOnsiY3JlYXRlIjozMDAwMDAwMDAwMDAsImRlbGV0ZSI6MzAwMDAwMDAwMDAwLCJ1cGRhdGUiOjEyMDAwMDAwMDAwMH19",
          "dependencies": [
            "aws_eip.chatapp-nat-gateway-eip",
            "aws_nat_gateway.chatapp-nat-gateway",
            "aws_subnet.chatapp-public",
            "aws_vpc.chatapp-vpc"
          ]
        }
      ]
    },
    {
      "mode": "managed",
      "type": "aws_route_table",
      "name": "public-route-table",
      "provider": "provider[\"registry.terraform.io/hashicorp/aws\"]",
      "instances": [
        {
          "schema_version": 0,
          "attributes": {
            "arn": "arn:aws:ec2:eu-west-1:471112615800:route-table/rtb-09b1db24ce985d0db",
            "id": "rtb-09b1db24ce985d0db",
            "owner_id": "471112615800",
            "propagating_vgws": [],
            "route": [
              {
                "carrier_gateway_id": "",
                "cidr_block": "0.0.0.0/0",
                "core_network_arn": "",
                "destination_prefix_list_id": "",
                "egress_only_gateway_id": "",
                "gateway_id": "igw-0b94a5c669dfeb1e0",
                "instance_id": "",
                "ipv6_cidr_block": "",
                "local_gateway_id": "",
                "nat_gateway_id": "",
                "network_interface_id": "",
                "transit_gateway_id": "",
                "vpc_endpoint_id": "",
                "vpc_peering_connection_id": ""
              }
            ],
            "tags": {},
            "tags_all": {},
            "timeouts": null,
            "vpc_id": "vpc-0b0881bcb14954126"
          },
          "sensitive_attributes": [],
          "private": "eyJlMmJmYjczMC1lY2FhLTExZTYtOGY4OC0zNDM2M2JjN2M0YzAiOnsiY3JlYXRlIjozMDAwMDAwMDAwMDAsImRlbGV0ZSI6MzAwMDAwMDAwMDAwLCJ1cGRhdGUiOjEyMDAwMDAwMDAwMH19",
          "dependencies": [
            "aws_internet_gateway.chatapp-internet-gateway",
            "aws_vpc.chatapp-vpc"
          ]
        }
      ]
    },
    {
      "mode": "managed",
      "type": "aws_route_table_association",
      "name": "private",
      "provider": "provider[\"registry.terraform.io/hashicorp/aws\"]",
      "instances": [
        {
          "schema_version": 0,
          "attributes": {
            "gateway_id": "",
            "id": "rtbassoc-096bfdf9d6c3a8b21",
            "route_table_id": "rtb-01adde4616194d91f",
            "subnet_id": "subnet-02aaf8fd24f97dff5",
            "timeouts": null
          },
          "sensitive_attributes": [],
          "private": "eyJlMmJmYjczMC1lY2FhLTExZTYtOGY4OC0zNDM2M2JjN2M0YzAiOnsiY3JlYXRlIjozMDAwMDAwMDAwMDAsImRlbGV0ZSI6MzAwMDAwMDAwMDAwLCJ1cGRhdGUiOjEyMDAwMDAwMDAwMH19",
          "dependencies": [
            "aws_eip.chatapp-nat-gateway-eip",
            "aws_nat_gateway.chatapp-nat-gateway",
            "aws_route_table.private-route-table",
            "aws_subnet.chatapp-private",
            "aws_subnet.chatapp-public",
            "aws_vpc.chatapp-vpc"
          ]
        }
      ]
    },
    {
      "mode": "managed",
      "type": "aws_route_table_association",
      "name": "public",
      "provider": "provider[\"registry.terraform.io/hashicorp/aws\"]",
      "instances": [
        {
          "schema_version": 0,
          "attributes": {
            "gateway_id": "",
            "id": "rtbassoc-0f690075a83ae894d",
            "route_table_id": "rtb-09b1db24ce985d0db",
            "subnet_id": "subnet-0fcf41177658804c7",
            "timeouts": null
          },
          "sensitive_attributes": [],
          "private": "eyJlMmJmYjczMC1lY2FhLTExZTYtOGY4OC0zNDM2M2JjN2M0YzAiOnsiY3JlYXRlIjozMDAwMDAwMDAwMDAsImRlbGV0ZSI6MzAwMDAwMDAwMDAwLCJ1cGRhdGUiOjEyMDAwMDAwMDAwMH19",
          "dependencies": [
            "aws_internet_gateway.chatapp-internet-gateway",
            "aws_route_table.public-route-table",
            "aws_subnet.chatapp-public",
            "aws_vpc.chatapp-vpc"
          ]
        }
      ]
    },
    {
      "mode": "managed",
      "type": "aws_secretsmanager_secret_version",
      "name": "test-secrets-value",
      "provider": "provider[\"registry.terraform.io/hashicorp/aws\"]",
      "instances": [
        {
          "schema_version": 0,
          "attributes": {
            "arn": "arn:aws:secretsmanager:eu-west-1:471112615800:secret:test-secrets-M0Erfh",
            "id": "arn:aws:secretsmanager:eu-west-1:471112615800:secret:test-secrets-M0Erfh|75F67084-B4B4-4D8A-B861-00E745D59B35",
            "secret_binary": "",
            "secret_id": "arn:aws:secretsmanager:eu-west-1:471112615800:secret:test-secrets-M0Erfh",
            "secret_string": "{\"KEY1\":\"Key 1\",\"KEY2\":\"Key 2\"}",
            "version_id": "75F67084-B4B4-4D8A-B861-00E745D59B35",
            "version_stages": [
              "AWSCURRENT"
            ]
          },
          "sensitive_attributes": [
            [
              {
                "type": "get_attr",
                "value": "secret_binary"
              }
            ],
            [
              {
                "type": "get_attr",
                "value": "secret_string"
              }
            ]
          ],
          "private": "bnVsbA==",
          "dependencies": [
            "data.aws_secretsmanager_secret.test-secrets"
          ]
        }
      ]
    },
    {
      "mode": "managed",
      "type": "aws_security_group",
      "name": "allow-all",
      "provider": "provider[\"registry.terraform.io/hashicorp/aws\"]",
      "instances": [
        {
          "schema_version": 1,
          "attributes": {
            "arn": "arn:aws:ec2:eu-west-1:471112615800:security-group/sg-0f465aeffe5f4efdf",
            "description": "Managed by Terraform",
            "egress": [
              {
                "cidr_blocks": [
                  "0.0.0.0/0"
                ],
                "description": "",
                "from_port": 0,
                "ipv6_cidr_blocks": [],
                "prefix_list_ids": [],
                "protocol": "tcp",
                "security_groups": [],
                "self": false,
                "to_port": 65535
              },
              {
                "cidr_blocks": [
                  "0.0.0.0/0"
                ],
                "description": "",
                "from_port": 0,
                "ipv6_cidr_blocks": [],
                "prefix_list_ids": [],
                "protocol": "udp",
                "security_groups": [],
                "self": false,
                "to_port": 65535
              }
            ],
            "id": "sg-0f465aeffe5f4efdf",
            "ingress": [
              {
                "cidr_blocks": [
                  "0.0.0.0/0"
                ],
                "description": "",
                "from_port": 0,
                "ipv6_cidr_blocks": [],
                "prefix_list_ids": [],
                "protocol": "tcp",
                "security_groups": [],
                "self": false,
                "to_port": 65535
              },
              {
                "cidr_blocks": [
                  "0.0.0.0/0"
                ],
                "description": "",
                "from_port": 0,
                "ipv6_cidr_blocks": [],
                "prefix_list_ids": [],
                "protocol": "udp",
                "security_groups": [],
                "self": false,
                "to_port": 65535
              }
            ],
            "name": "allow-all",
            "name_prefix": "",
            "owner_id": "471112615800",
            "revoke_rules_on_delete": false,
            "tags": {},
            "tags_all": {},
            "timeouts": null,
            "vpc_id": "vpc-0b0881bcb14954126"
          },
          "sensitive_attributes": [],
          "private": "eyJlMmJmYjczMC1lY2FhLTExZTYtOGY4OC0zNDM2M2JjN2M0YzAiOnsiY3JlYXRlIjo2MDAwMDAwMDAwMDAsImRlbGV0ZSI6OTAwMDAwMDAwMDAwfSwic2NoZW1hX3ZlcnNpb24iOiIxIn0=",
          "dependencies": [
            "aws_vpc.chatapp-vpc"
          ]
        }
      ]
    },
    {
      "mode": "managed",
      "type": "aws_service_discovery_private_dns_namespace",
      "name": "chatapp_private",
      "provider": "provider[\"registry.terraform.io/hashicorp/aws\"]",
      "instances": [
        {
          "schema_version": 0,
          "attributes": {
            "arn": "arn:aws:servicediscovery:eu-west-1:471112615800:namespace/ns-arekhds6e2g4atbe",
            "description": "",
            "hosted_zone": "Z0760383TYIRC6CRTUFI",
            "id": "ns-arekhds6e2g4atbe",
            "name": "chatapp_private",
            "tags": {},
            "tags_all": {},
            "vpc": "vpc-0b0881bcb14954126"
          },
          "sensitive_attributes": [],
          "private": "bnVsbA==",
          "dependencies": [
            "aws_vpc.chatapp-vpc"
          ]
        }
      ]
    },
    {
      "mode": "managed",
      "type": "aws_service_discovery_service",
      "name": "backend",
      "provider": "provider[\"registry.terraform.io/hashicorp/aws\"]",
      "instances": [
        {
          "schema_version": 0,
          "attributes": {
            "arn": "arn:aws:servicediscovery:eu-west-1:471112615800:service/srv-dar3olarv4c4orus",
            "description": "",
            "dns_config": [
              {
                "dns_records": [
                  {
                    "ttl": 30,
                    "type": "A"
                  }
                ],
                "namespace_id": "ns-arekhds6e2g4atbe",
                "routing_policy": "MULTIVALUE"
              }
            ],
            "force_destroy": false,
            "health_check_config": [],
            "health_check_custom_config": [],
            "id": "srv-dar3olarv4c4orus",
            "name": "backend",
            "namespace_id": "ns-arekhds6e2g4atbe",
            "tags": {},
            "tags_all": {},
            "type": "DNS_HTTP"
          },
          "sensitive_attributes": [],
          "private": "bnVsbA==",
          "dependencies": [
            "aws_service_discovery_private_dns_namespace.chatapp_private",
            "aws_vpc.chatapp-vpc"
          ]
        }
      ]
    },
    {
      "mode": "managed",
      "type": "aws_service_discovery_service",
      "name": "frontend",
      "provider": "provider[\"registry.terraform.io/hashicorp/aws\"]",
      "instances": [
        {
          "schema_version": 0,
          "attributes": {
            "arn": "arn:aws:servicediscovery:eu-west-1:471112615800:service/srv-bmshxu2ipnzydpi4",
            "description": "",
            "dns_config": [
              {
                "dns_records": [
                  {
                    "ttl": 30,
                    "type": "A"
                  }
                ],
                "namespace_id": "ns-arekhds6e2g4atbe",
                "routing_policy": "MULTIVALUE"
              }
            ],
            "force_destroy": false,
            "health_check_config": [],
            "health_check_custom_config": [],
            "id": "srv-bmshxu2ipnzydpi4",
            "name": "frontend",
            "namespace_id": "ns-arekhds6e2g4atbe",
            "tags": {},
            "tags_all": {},
            "type": "DNS_HTTP"
          },
          "sensitive_attributes": [],
          "private": "bnVsbA==",
          "dependencies": [
            "aws_service_discovery_private_dns_namespace.chatapp_private",
            "aws_vpc.chatapp-vpc"
          ]
        }
      ]
    },
    {
      "mode": "managed",
      "type": "aws_service_discovery_service",
      "name": "mssql",
      "provider": "provider[\"registry.terraform.io/hashicorp/aws\"]",
      "instances": [
        {
          "schema_version": 0,
          "attributes": {
            "arn": "arn:aws:servicediscovery:eu-west-1:471112615800:service/srv-rwvdj7eofgy3tfpa",
            "description": "",
            "dns_config": [
              {
                "dns_records": [
                  {
                    "ttl": 30,
                    "type": "A"
                  }
                ],
                "namespace_id": "ns-arekhds6e2g4atbe",
                "routing_policy": "MULTIVALUE"
              }
            ],
            "force_destroy": false,
            "health_check_config": [],
            "health_check_custom_config": [],
            "id": "srv-rwvdj7eofgy3tfpa",
            "name": "mssql",
            "namespace_id": "ns-arekhds6e2g4atbe",
            "tags": {},
            "tags_all": {},
            "type": "DNS_HTTP"
          },
          "sensitive_attributes": [],
          "private": "bnVsbA==",
          "dependencies": [
            "aws_service_discovery_private_dns_namespace.chatapp_private",
            "aws_vpc.chatapp-vpc"
          ]
        }
      ]
    },
    {
      "mode": "managed",
      "type": "aws_subnet",
      "name": "chatapp-private",
      "provider": "provider[\"registry.terraform.io/hashicorp/aws\"]",
      "instances": [
        {
          "schema_version": 1,
          "attributes": {
            "arn": "arn:aws:ec2:eu-west-1:471112615800:subnet/subnet-02aaf8fd24f97dff5",
            "assign_ipv6_address_on_creation": false,
            "availability_zone": "eu-west-1a",
            "availability_zone_id": "euw1-az3",
            "cidr_block": "10.0.1.0/24",
            "customer_owned_ipv4_pool": "",
            "enable_dns64": false,
            "enable_lni_at_device_index": 0,
            "enable_resource_name_dns_a_record_on_launch": false,
            "enable_resource_name_dns_aaaa_record_on_launch": false,
            "id": "subnet-02aaf8fd24f97dff5",
            "ipv6_cidr_block": "",
            "ipv6_cidr_block_association_id": "",
            "ipv6_native": false,
            "map_customer_owned_ip_on_launch": false,
            "map_public_ip_on_launch": false,
            "outpost_arn": "",
            "owner_id": "471112615800",
            "private_dns_hostname_type_on_launch": "ip-name",
            "tags": {},
            "tags_all": {},
            "timeouts": null,
            "vpc_id": "vpc-0b0881bcb14954126"
          },
          "sensitive_attributes": [],
          "private": "eyJlMmJmYjczMC1lY2FhLTExZTYtOGY4OC0zNDM2M2JjN2M0YzAiOnsiY3JlYXRlIjo2MDAwMDAwMDAwMDAsImRlbGV0ZSI6MTIwMDAwMDAwMDAwMH0sInNjaGVtYV92ZXJzaW9uIjoiMSJ9",
          "dependencies": [
            "aws_vpc.chatapp-vpc"
          ]
        }
      ]
    },
    {
      "mode": "managed",
      "type": "aws_subnet",
      "name": "chatapp-public",
      "provider": "provider[\"registry.terraform.io/hashicorp/aws\"]",
      "instances": [
        {
          "schema_version": 1,
          "attributes": {
            "arn": "arn:aws:ec2:eu-west-1:471112615800:subnet/subnet-0fcf41177658804c7",
            "assign_ipv6_address_on_creation": false,
            "availability_zone": "eu-west-1a",
            "availability_zone_id": "euw1-az3",
            "cidr_block": "10.0.0.0/24",
            "customer_owned_ipv4_pool": "",
            "enable_dns64": false,
            "enable_lni_at_device_index": 0,
            "enable_resource_name_dns_a_record_on_launch": false,
            "enable_resource_name_dns_aaaa_record_on_launch": false,
            "id": "subnet-0fcf41177658804c7",
            "ipv6_cidr_block": "",
            "ipv6_cidr_block_association_id": "",
            "ipv6_native": false,
            "map_customer_owned_ip_on_launch": false,
            "map_public_ip_on_launch": false,
            "outpost_arn": "",
            "owner_id": "471112615800",
            "private_dns_hostname_type_on_launch": "ip-name",
            "tags": {},
            "tags_all": {},
            "timeouts": null,
            "vpc_id": "vpc-0b0881bcb14954126"
          },
          "sensitive_attributes": [],
          "private": "eyJlMmJmYjczMC1lY2FhLTExZTYtOGY4OC0zNDM2M2JjN2M0YzAiOnsiY3JlYXRlIjo2MDAwMDAwMDAwMDAsImRlbGV0ZSI6MTIwMDAwMDAwMDAwMH0sInNjaGVtYV92ZXJzaW9uIjoiMSJ9",
          "dependencies": [
            "aws_vpc.chatapp-vpc"
          ]
        }
      ]
    },
    {
      "mode": "managed",
      "type": "aws_vpc",
      "name": "chatapp-vpc",
      "provider": "provider[\"registry.terraform.io/hashicorp/aws\"]",
      "instances": [
        {
          "schema_version": 1,
          "attributes": {
            "arn": "arn:aws:ec2:eu-west-1:471112615800:vpc/vpc-0b0881bcb14954126",
            "assign_generated_ipv6_cidr_block": false,
            "cidr_block": "10.0.0.0/16",
            "default_network_acl_id": "acl-023e658d8bea4a4f3",
            "default_route_table_id": "rtb-069e226b75f909730",
            "default_security_group_id": "sg-0165282330d088d99",
            "dhcp_options_id": "dopt-0d74775b392d2954f",
            "enable_classiclink": false,
            "enable_classiclink_dns_support": false,
            "enable_dns_hostnames": false,
            "enable_dns_support": true,
            "enable_network_address_usage_metrics": false,
            "id": "vpc-0b0881bcb14954126",
            "instance_tenancy": "default",
            "ipv4_ipam_pool_id": null,
            "ipv4_netmask_length": null,
            "ipv6_association_id": "",
            "ipv6_cidr_block": "",
            "ipv6_cidr_block_network_border_group": "",
            "ipv6_ipam_pool_id": "",
            "ipv6_netmask_length": 0,
            "main_route_table_id": "rtb-069e226b75f909730",
            "owner_id": "471112615800",
            "tags": {},
            "tags_all": {}
          },
          "sensitive_attributes": [],
          "private": "eyJzY2hlbWFfdmVyc2lvbiI6IjEifQ=="
        }
      ]
    },
    {
      "mode": "managed",
      "type": "local_file",
      "name": "backend_task_definition",
      "provider": "provider[\"registry.terraform.io/hashicorp/local\"]",
      "instances": [
        {
          "schema_version": 0,
          "attributes": {
            "content": "{\"containerDefinitions\":[{\"cpu\":0,\"environment\":[{\"name\":\"CA_MSSQL_HOST\",\"value\":\"mssql,1433\"},{\"name\":\"CA_OIDC_GOOGLE_AUTHORITY\",\"value\":\"https://accounts.google.com\"},{\"name\":\"CA_OIDC_GOOGLE_CLIENT_ID\",\"value\":\"178336905267-g69rdobhf6ivt0p5nq0lbnmec86r0tgu.apps.googleusercontent.com\"}],\"essential\":true,\"image\":\"471112615800.dkr.ecr.eu-west-1.amazonaws.com/chatapp-backend\",\"logConfiguration\":{\"logDriver\":\"awslogs\",\"options\":{\"awslogs-group\":\"chatapp\",\"awslogs-region\":\"eu-west-1\",\"awslogs-stream-prefix\":\"streaming\"}},\"mountPoints\":[],\"name\":\"chatapp-backend\",\"portMappings\":[{\"containerPort\":5142,\"hostPort\":5142,\"protocol\":\"tcp\"}],\"systemControls\":[],\"volumesFrom\":[]}],\"cpu\":\"1024\",\"executionRoleArn\":\"arn:aws:iam::471112615800:role/ecs-task-exec-role\",\"family\":\"chatapp-backend\",\"memory\":\"2048\",\"networkMode\":\"awsvpc\",\"requiresCompatibilities\":[\"FARGATE\"],\"volumes\":[]}",
            "content_base64": null,
            "content_base64sha256": "5OoUVOtz2Gf+dnURqWJFVdBK0cKIzDXc4HWlWWVdc4k=",
            "content_base64sha512": "O3bRd4YeCHR0X/SUe2mgMSzWpV3MBXAbsx7/PE99nbJve6MASvky4zfFbqpiTKDZ2/Xebzbs/OVas8gI+N4JQw==",
            "content_md5": "29dc7aa40d3b6851ebea102852c378a0",
            "content_sha1": "874de2d2f0e7a8a9f1c47dba8f93ba4f84f6410d",
            "content_sha256": "e4ea1454eb73d867fe767511a9624555d04ad1c288cc35dce075a559655d7389",
            "content_sha512": "3b76d177861e0874745ff4947b69a0312cd6a55dcc05701bb31eff3c4f7d9db26f7ba3004af932e337c56eaa624ca0d9dbf5de6f36ecfce55ab3c808f8de0943",
            "directory_permission": "0777",
            "file_permission": "0777",
            "filename": "./.aws/backend_task_definition.json",
            "id": "874de2d2f0e7a8a9f1c47dba8f93ba4f84f6410d",
            "sensitive_content": null,
            "source": null
          },
          "sensitive_attributes": [
            [
              {
                "type": "get_attr",
                "value": "sensitive_content"
              }
            ]
          ],
          "dependencies": [
            "aws_cloudwatch_log_group.chatapp",
            "aws_ecs_task_definition.chatapp-backend-task-definition",
            "aws_iam_role.ecs-task-exec-role",
            "data.aws_ecr_repository.chatapp-backend",
            "data.aws_iam_policy_document.ecs-instance-policy"
          ]
        }
      ]
    },
    {
      "mode": "managed",
      "type": "local_file",
      "name": "frontend_task_definition",
      "provider": "provider[\"registry.terraform.io/hashicorp/local\"]",
      "instances": [
        {
          "schema_version": 0,
          "attributes": {
            "content": "{\"containerDefinitions\":[{\"cpu\":0,\"environment\":[{\"name\":\"NEXT_PUBLIC_BACKEND_URL\",\"value\":\"http://backend:5142\"}],\"essential\":true,\"image\":\"471112615800.dkr.ecr.eu-west-1.amazonaws.com/chatapp-frontend\",\"logConfiguration\":{\"logDriver\":\"awslogs\",\"options\":{\"awslogs-group\":\"chatapp\",\"awslogs-region\":\"eu-west-1\",\"awslogs-stream-prefix\":\"streaming\"}},\"mountPoints\":[],\"name\":\"chatapp-frontend\",\"portMappings\":[{\"containerPort\":3000,\"hostPort\":3000,\"protocol\":\"tcp\"}],\"systemControls\":[],\"volumesFrom\":[]}],\"cpu\":\"1024\",\"executionRoleArn\":\"arn:aws:iam::471112615800:role/ecs-task-exec-role\",\"family\":\"chatapp-frontend\",\"memory\":\"2048\",\"networkMode\":\"awsvpc\",\"requiresCompatibilities\":[\"FARGATE\"],\"volumes\":[]}",
            "content_base64": null,
            "content_base64sha256": "NfllUrVYd/fckbKxFJeVt3FqCTIvFm35sD4e4doJNcc=",
            "content_base64sha512": "zIIBE8lKUx/QCOIaU0yQRZfv5d024WbN3koufZtgsGkvuYJFQcl7+R4EJK20g8TZz0wDsEHaGeAWhn6zFEjfzQ==",
            "content_md5": "7c8bdd1bff106f401b737132d8764d2a",
            "content_sha1": "a90b3c95be535ac21f350901aaa34cfcc2649675",
            "content_sha256": "35f96552b55877f7dc91b2b1149795b7716a09322f166df9b03e1ee1da0935c7",
            "content_sha512": "cc820113c94a531fd008e21a534c904597efe5dd36e166cdde4a2e7d9b60b0692fb9824541c97bf91e0424adb483c4d9cf4c03b041da19e016867eb31448dfcd",
            "directory_permission": "0777",
            "file_permission": "0777",
            "filename": "./.aws/frontend_task_definition.json",
            "id": "a90b3c95be535ac21f350901aaa34cfcc2649675",
            "sensitive_content": null,
            "source": null
          },
          "sensitive_attributes": [
            [
              {
                "type": "get_attr",
                "value": "sensitive_content"
              }
            ]
          ],
          "dependencies": [
            "aws_cloudwatch_log_group.chatapp",
            "aws_ecs_task_definition.chatapp-backend-task-definition",
            "aws_ecs_task_definition.chatapp-frontend-task-definition",
            "aws_iam_role.ecs-task-exec-role",
            "data.aws_ecr_repository.chatapp-backend",
            "data.aws_ecr_repository.chatapp-frontend",
            "data.aws_iam_policy_document.ecs-instance-policy"
          ]
        }
      ]
    }
  ],
  "check_results": null
}
